
Microsoft Visual Studio Solution File, Format Version 10.00
# Visual Studio 2008
Project("{FAE04EC0-301F-11D3-BF4B-00C04F79EFBC}") = "Omniscient.Foundation-silver", "Omniscient.Foundation\Omniscient.Foundation-silver.csproj", "{880378CA-ED02-459E-9761-F2AA55CE4258}"
EndProject
Project("{FAE04EC0-301F-11D3-BF4B-00C04F79EFBC}") = "Omniscient.Foundation.ApplicationModel-silver", "Omniscient.Foundation.ApplicationModel\Omniscient.Foundation.ApplicationModel-silver.csproj", "{B3CC0F91-5B24-43EB-A4D0-81356E87C1F3}"
EndProject
Project("{FAE04EC0-301F-11D3-BF4B-00C04F79EFBC}") = "Omniscient.Foundation.Data-silver", "Omniscient.Foundation.Data\Omniscient.Foundation.Data-silver.csproj", "{CF22BC22-9DB1-476C-AC43-9F0229A9D6F2}"
EndProject
Project("{2150E333-8FDC-42A3-9474-1A3956D46DE8}") = "Contrib", "Contrib", "{927CD2C8-7AFC-4AA7-9877-8C1C590C8ACE}"
EndProject
Project("{FAE04EC0-301F-11D3-BF4B-00C04F79EFBC}") = "Omniscient.Foundation.Contrib.Silverlight", "Omniscient.Foundation.Contrib.Silverlight\Omniscient.Foundation.Contrib.Silverlight.csproj", "{CD843623-75A0-4455-A92C-396F3C197000}"
EndProject
Project("{2150E333-8FDC-42A3-9474-1A3956D46DE8}") = "Development", "Development", "{D501DDF5-7429-458A-8D81-DDB383F93803}"
EndProject
Global
	GlobalSection(SubversionScc) = preSolution
		Svn-Managed = True
		Manager = AnkhSVN - Subversion Support for Visual Studio
	EndGlobalSection
	GlobalSection(SolutionConfigurationPlatforms) = preSolution
		Debug|Any CPU = Debug|Any CPU
		Release|Any CPU = Release|Any CPU
	EndGlobalSection
	GlobalSection(ProjectConfigurationPlatforms) = postSolution
		{880378CA-ED02-459E-9761-F2AA55CE4258}.Debug|Any CPU.ActiveCfg = Debug|Any CPU
		{880378CA-ED02-459E-9761-F2AA55CE4258}.Debug|Any CPU.Build.0 = Debug|Any CPU
		{880378CA-ED02-459E-9761-F2AA55CE4258}.Release|Any CPU.ActiveCfg = Release|Any CPU
		{880378CA-ED02-459E-9761-F2AA55CE4258}.Release|Any CPU.Build.0 = Release|Any CPU
		{B3CC0F91-5B24-43EB-A4D0-81356E87C1F3}.Debug|Any CPU.ActiveCfg = Debug|Any CPU
		{B3CC0F91-5B24-43EB-A4D0-81356E87C1F3}.Debug|Any CPU.Build.0 = Debug|Any CPU
		{B3CC0F91-5B24-43EB-A4D0-81356E87C1F3}.Release|Any CPU.ActiveCfg = Release|Any CPU
		{B3CC0F91-5B24-43EB-A4D0-81356E87C1F3}.Release|Any CPU.Build.0 = Release|Any CPU
		{CF22BC22-9DB1-476C-AC43-9F0229A9D6F2}.Debug|Any CPU.ActiveCfg = Debug|Any CPU
		{CF22BC22-9DB1-476C-AC43-9F0229A9D6F2}.Debug|Any CPU.Build.0 = Debug|Any CPU
		{CF22BC22-9DB1-476C-AC43-9F0229A9D6F2}.Release|Any CPU.ActiveCfg = Release|Any CPU
		{CF22BC22-9DB1-476C-AC43-9F0229A9D6F2}.Release|Any CPU.Build.0 = Release|Any CPU
		{CD843623-75A0-4455-A92C-396F3C197000}.Debug|Any CPU.ActiveCfg = Debug|Any CPU
		{CD843623-75A0-4455-A92C-396F3C197000}.Debug|Any CPU.Build.0 = Debug|Any CPU
		{CD843623-75A0-4455-A92C-396F3C197000}.Release|Any CPU.ActiveCfg = Release|Any CPU
		{CD843623-75A0-4455-A92C-396F3C197000}.Release|Any CPU.Build.0 = Release|Any CPU
	EndGlobalSection
	GlobalSection(SolutionProperties) = preSolution
		HideSolutionNode = FALSE
	EndGlobalSection
	GlobalSection(NestedProjects) = preSolution
		{CD843623-75A0-4455-A92C-396F3C197000} = {927CD2C8-7AFC-4AA7-9877-8C1C590C8ACE}
	EndGlobalSection
EndGlobal
